<?xml version="1.0" encoding="utf-8"?>
<Project ToolsVersion="4.0" xmlns="http://schemas.microsoft.com/developer/msbuild/2003">
  <ItemGroup>
    <Filter Include="Source Files">
      <UniqueIdentifier>{4FC737F1-C7A5-4376-A066-2A32D752A2FF}</UniqueIdentifier>
      <Extensions>cpp;c;cc;cxx;def;odl;idl;hpj;bat;asm;asmx</Extensions>
    </Filter>
    <Filter Include="Header Files">
      <UniqueIdentifier>{93995380-89BD-4b04-88EB-625FBE52EBFB}</UniqueIdentifier>
      <Extensions>h;hh;hpp;hxx;hm;inl;inc;xsd</Extensions>
    </Filter>
    <Filter Include="Resource Files">
      <UniqueIdentifier>{D9D6E242-F8AF-46E4-B9FD-80ECBC20BA3E}</UniqueIdentifier>
      <Extensions>qrc;*</Extensions>
      <ParseFiles>false</ParseFiles>
    </Filter>
    <Filter Include="Form Files">
      <UniqueIdentifier>{99349809-55BA-4b9d-BF79-8FDBB0286EB3}</UniqueIdentifier>
      <Extensions>ui</Extensions>
    </Filter>
    <Filter Include="Resource Files">
      <UniqueIdentifier>{D9D6E242-F8AF-46E4-B9FD-80ECBC20BA3E}</UniqueIdentifier>
      <Extensions>qrc;*</Extensions>
      <ParseFiles>false</ParseFiles>
    </Filter>
    <Filter Include="Generated Files">
      <UniqueIdentifier>{71ED8ED8-ACB9-4CE9-BBE1-E00B30144E11}</UniqueIdentifier>
      <Extensions>moc;h;cpp</Extensions>
      <SourceControlFiles>False</SourceControlFiles>
    </Filter>
  </ItemGroup>
  <ItemGroup>
    <ClCompile Include="main.cpp">
      <Filter>Source Files</Filter>
    </ClCompile>
    <ClCompile Include="tcpclient.cpp">
      <Filter>Source Files</Filter>
    </ClCompile>
    <ClCompile Include="login.cpp">
      <Filter>Source Files</Filter>
    </ClCompile>
    <ClCompile Include="md5ZZ.cpp">
      <Filter>Source Files</Filter>
    </ClCompile>
    <ClCompile Include="Mylabel.cpp">
      <Filter>Source Files</Filter>
    </ClCompile>
    <ClCompile Include="MyLineEdit.cpp">
      <Filter>Source Files</Filter>
    </ClCompile>
    <ClCompile Include="chgpwd.cpp">
      <Filter>Source Files</Filter>
    </ClCompile>
    <ClCompile Include="rgstr.cpp">
      <Filter>Source Files</Filter>
    </ClCompile>
    <ClCompile Include="homepage.cpp">
      <Filter>Source Files</Filter>
    </ClCompile>
    <ClCompile Include="set.cpp">
      <Filter>Source Files</Filter>
    </ClCompile>
    <ClCompile Include="widgetzy.cpp">
      <Filter>Source Files</Filter>
    </ClCompile>
    <ClCompile Include="widgetpbcq.cpp">
      <Filter>Source Files</Filter>
    </ClCompile>
    <ClCompile Include="widgetgzjh.cpp">
      <Filter>Source Files</Filter>
    </ClCompile>
    <ClCompile Include="widgetyggl.cpp">
      <Filter>Source Files</Filter>
    </ClCompile>
    <ClCompile Include="widgetjczg.cpp">
      <Filter>Source Files</Filter>
    </ClCompile>
    <ClCompile Include="widgetsfgl.cpp">
      <Filter>Source Files</Filter>
    </ClCompile>
    <ClCompile Include="widgetbdxz.cpp">
      <Filter>Source Files</Filter>
    </ClCompile>
    <ClCompile Include="date.cpp">
      <Filter>Source Files</Filter>
    </ClCompile>
    <ClCompile Include="mytablewidget.cpp">
      <Filter>Source Files</Filter>
    </ClCompile>
    <ClCompile Include="widgetwzgl.cpp">
      <Filter>Source Files</Filter>
    </ClCompile>
    <ClCompile Include="mycombobox.cpp">
      <Filter>Source Files</Filter>
    </ClCompile>
    <ClCompile Include="mywidget.cpp">
      <Filter>Source Files</Filter>
    </ClCompile>
  </ItemGroup>
  <ItemGroup>
    <QtMoc Include="tcpclient.h">
      <Filter>Header Files</Filter>
    </QtMoc>
    <QtMoc Include="login.h">
      <Filter>Header Files</Filter>
    </QtMoc>
    <QtMoc Include="Mylabel.h">
      <Filter>Header Files</Filter>
    </QtMoc>
    <QtMoc Include="MyLineEdit.h">
      <Filter>Header Files</Filter>
    </QtMoc>
    <QtMoc Include="chgpwd.h">
      <Filter>Header Files</Filter>
    </QtMoc>
    <QtMoc Include="rgstr.h">
      <Filter>Header Files</Filter>
    </QtMoc>
    <QtMoc Include="homepage.h">
      <Filter>Header Files</Filter>
    </QtMoc>
    <QtMoc Include="set.h">
      <Filter>Header Files</Filter>
    </QtMoc>
    <QtMoc Include="widgetzy.h">
      <Filter>Header Files</Filter>
    </QtMoc>
    <QtMoc Include="widgetpbcq.h">
      <Filter>Header Files</Filter>
    </QtMoc>
    <QtMoc Include="widgetgzjh.h">
      <Filter>Header Files</Filter>
    </QtMoc>
    <QtMoc Include="widgetwzgl.h">
      <Filter>Header Files</Filter>
    </QtMoc>
    <QtMoc Include="widgetyggl.h">
      <Filter>Header Files</Filter>
    </QtMoc>
    <QtMoc Include="widgetjczg.h">
      <Filter>Header Files</Filter>
    </QtMoc>
    <QtMoc Include="widgetsfgl.h">
      <Filter>Header Files</Filter>
    </QtMoc>
    <QtMoc Include="widgetbdxz.h">
      <Filter>Header Files</Filter>
    </QtMoc>
    <QtMoc Include="mytablewidget.h">
      <Filter>Header Files</Filter>
    </QtMoc>
    <QtMoc Include="mycombobox.h">
      <Filter>Header Files</Filter>
    </QtMoc>
    <QtMoc Include="mywidget.h">
      <Filter>Header Files</Filter>
    </QtMoc>
  </ItemGroup>
  <ItemGroup>
    <QtRcc Include="tcpclient.qrc">
      <Filter>Resource Files</Filter>
    </QtRcc>
  </ItemGroup>
  <ItemGroup>
    <ClInclude Include="dfn.h">
      <Filter>Header Files</Filter>
    </ClInclude>
    <ClInclude Include="md5ZZ.h">
      <Filter>Header Files</Filter>
    </ClInclude>
    <ClInclude Include="date.h">
      <Filter>Header Files</Filter>
    </ClInclude>
    <ClInclude Include="resource.h">
      <Filter>Header Files</Filter>
    </ClInclude>
  </ItemGroup>
  <ItemGroup>
    <QtUic Include="set.ui">
      <Filter>Form Files</Filter>
    </QtUic>
    <QtUic Include="widgetzy.ui">
      <Filter>Form Files</Filter>
    </QtUic>
    <QtUic Include="widgetgzjh.ui">
      <Filter>Form Files</Filter>
    </QtUic>
    <QtUic Include="widgetjczg.ui">
      <Filter>Form Files</Filter>
    </QtUic>
    <QtUic Include="widgetsfgl.ui">
      <Filter>Form Files</Filter>
    </QtUic>
    <QtUic Include="widgetbdxz.ui">
      <Filter>Form Files</Filter>
    </QtUic>
  </ItemGroup>
  <ItemGroup>
    <ResourceCompile Include="Resource.rc" />
  </ItemGroup>
  <ItemGroup>
    <Image Include="Resources\logo.ico" />
  </ItemGroup>
</Project>